<?xml version="1.0" encoding="utf-8"?>
<Project ToolsVersion="4.0" xmlns="http://schemas.microsoft.com/developer/msbuild/2003">
  <ItemGroup>
    <ClCompile Include="Base\HttpRequest.cpp">
      <Filter>Base</Filter>
    </ClCompile>
    <ClCompile Include="Base\HttpRequestTranslator.cpp">
      <Filter>Base</Filter>
    </ClCompile>
    <ClCompile Include="Base\HttpResponse.cpp">
      <Filter>Base</Filter>
    </ClCompile>
    <ClCompile Include="Base\HttpResponseTranslator.cpp">
      <Filter>Base</Filter>
    </ClCompile>
    <ClCompile Include="Base\HttpStatus.cpp">
      <Filter>Base</Filter>
    </ClCompile>
    <ClCompile Include="Base\RequestMethod.cpp">
      <Filter>Base</Filter>
    </ClCompile>
    <ClCompile Include="Base\RequestURL.cpp">
      <Filter>Base</Filter>
    </ClCompile>
    <ClCompile Include="Base\RestController.cpp">
      <Filter>Base</Filter>
    </ClCompile>
    <ClCompile Include="Base\RestServer.cpp">
      <Filter>Base</Filter>
    </ClCompile>
    <ClCompile Include="Program.cpp" />
    <ClCompile Include="Network\SimpleWinSockServer.cpp">
      <Filter>Network</Filter>
    </ClCompile>
    <ClCompile Include="Controller\VersionController.cpp">
      <Filter>Controller</Filter>
    </ClCompile>
    <ClCompile Include="Service\VersionService.cpp">
      <Filter>Service</Filter>
    </ClCompile>
    <ClCompile Include="HomeXoDServer.cpp" />
    <ClCompile Include="Controller\MediaController.cpp">
      <Filter>Controller</Filter>
    </ClCompile>
    <ClCompile Include="Service\MediaService.cpp">
      <Filter>Service</Filter>
    </ClCompile>
    <ClCompile Include="Model\Media.cpp">
      <Filter>Model</Filter>
    </ClCompile>
    <ClCompile Include="Base\HttpHeader.cpp">
      <Filter>Base</Filter>
    </ClCompile>
    <ClCompile Include="SimpleJson\JsonObject.cpp">
      <Filter>SimpleJson</Filter>
    </ClCompile>
    <ClCompile Include="SimpleJson\JsonValue.cpp">
      <Filter>SimpleJson</Filter>
    </ClCompile>
  </ItemGroup>
  <ItemGroup>
    <Filter Include="Base">
      <UniqueIdentifier>{a961b963-3d61-44ea-9deb-b1898ed94b0a}</UniqueIdentifier>
    </Filter>
    <Filter Include="Network">
      <UniqueIdentifier>{2e2cf575-c610-4996-98e5-8198aa5e9afc}</UniqueIdentifier>
    </Filter>
    <Filter Include="Controller">
      <UniqueIdentifier>{cb1c6729-58ef-42bc-a7ed-d16df28d5c76}</UniqueIdentifier>
    </Filter>
    <Filter Include="Service">
      <UniqueIdentifier>{247ee96c-73c7-485a-abe0-1ce7af354caf}</UniqueIdentifier>
    </Filter>
    <Filter Include="Model">
      <UniqueIdentifier>{c5888dbf-ef6e-4b44-935b-f02e7842ca35}</UniqueIdentifier>
    </Filter>
    <Filter Include="SimpleJson">
      <UniqueIdentifier>{99a72b1a-2ee5-4b11-bdf9-5e61d88ea86b}</UniqueIdentifier>
    </Filter>
  </ItemGroup>
  <ItemGroup>
    <ClInclude Include="Base\HttpHeader.h">
      <Filter>Base</Filter>
    </ClInclude>
    <ClInclude Include="Base\HttpRequest.h">
      <Filter>Base</Filter>
    </ClInclude>
    <ClInclude Include="Base\HttpRequestTranslator.h">
      <Filter>Base</Filter>
    </ClInclude>
    <ClInclude Include="Base\HttpResponse.h">
      <Filter>Base</Filter>
    </ClInclude>
    <ClInclude Include="Base\HttpResponseTranslator.h">
      <Filter>Base</Filter>
    </ClInclude>
    <ClInclude Include="Base\HttpStatus.h">
      <Filter>Base</Filter>
    </ClInclude>
    <ClInclude Include="Base\RequestMethod.h">
      <Filter>Base</Filter>
    </ClInclude>
    <ClInclude Include="Base\RequestURL.h">
      <Filter>Base</Filter>
    </ClInclude>
    <ClInclude Include="Base\RestController.h">
      <Filter>Base</Filter>
    </ClInclude>
    <ClInclude Include="Base\RestServer.h">
      <Filter>Base</Filter>
    </ClInclude>
    <ClInclude Include="Network\SimpleWinSockServer.h">
      <Filter>Network</Filter>
    </ClInclude>
    <ClInclude Include="Controller\VersionController.h">
      <Filter>Controller</Filter>
    </ClInclude>
    <ClInclude Include="Service\VersionService.h">
      <Filter>Service</Filter>
    </ClInclude>
    <ClInclude Include="HomeXoDServer.h" />
    <ClInclude Include="Controller\MediaController.h">
      <Filter>Controller</Filter>
    </ClInclude>
    <ClInclude Include="Service\MediaService.h">
      <Filter>Service</Filter>
    </ClInclude>
    <ClInclude Include="Model\Media.h">
      <Filter>Model</Filter>
    </ClInclude>
    <ClInclude Include="SimpleJson\JsonObject.h">
      <Filter>SimpleJson</Filter>
    </ClInclude>
    <ClInclude Include="SimpleJson\JsonValue.h">
      <Filter>SimpleJson</Filter>
    </ClInclude>
  </ItemGroup>
</Project>